{
  "requires": true,
  "lockfileVersion": 1,
  "dependencies": {
    "weui": {
      "version": "2.6.12",
      "resolved": "https://registry.npmjs.org/weui/-/weui-2.6.12.tgz",
      "integrity": "sha512-jw1NR9bS7/n/6Ke3x3YRoO4yZMP14rxqYGKRx4hlD+wFXF1f9kTNzNQlSJX/HxIrh8WTZzHbjtsOAmAikUPKWw=="
    }
  }
}
