{
  "name": "public-u",
  "lockfileVersion": 3,
  "requires": true,
  "packages": {
    "": {
      "dependencies": {
        "weui": "^2.6.11"
      }
    },
    "node_modules/weui": {
      "version": "2.6.11",
      "resolved": "https://registry.npmjs.org/weui/-/weui-2.6.11.tgz",
      "integrity": "sha512-ZCVhjAOAoin3yHGzzvwXlxBkWunXo4mdZG8OKyFrKFiLsix8UIo8loebFeYYK5RX/n30POe05FcqLnD1TDGhSg=="
    }
  }
}
